
Microsoft Visual Studio Solution File, Format Version 12.00
# Visual Studio Version 16
VisualStudioVersion = 16.0.33529.622
MinimumVisualStudioVersion = 10.0.40219.1
Project("{FAE04EC0-301F-11D3-BF4B-00C04F79EFBC}") = "TypeBuilderDemo", "TypeBuilder\TypeBuilderDemo.csproj", "{8D9414E1-6B53-4537-85AD-882E459A8293}"
EndProject
Global
	GlobalSection(SolutionConfigurationPlatforms) = preSolution
		Debug|Any CPU = Debug|Any CPU
		Release|Any CPU = Release|Any CPU
	EndGlobalSection
	GlobalSection(ProjectConfigurationPlatforms) = postSolution
		{8D9414E1-6B53-4537-85AD-882E459A8293}.Debug|Any CPU.ActiveCfg = Debug|Any CPU
		{8D9414E1-6B53-4537-85AD-882E459A8293}.Debug|Any CPU.Build.0 = Debug|Any CPU
		{8D9414E1-6B53-4537-85AD-882E459A8293}.Release|Any CPU.ActiveCfg = Release|Any CPU
		{8D9414E1-6B53-4537-85AD-882E459A8293}.Release|Any CPU.Build.0 = Release|Any CPU
	EndGlobalSection
	GlobalSection(SolutionProperties) = preSolution
		HideSolutionNode = FALSE
	EndGlobalSection
	GlobalSection(ExtensibilityGlobals) = postSolution
		SolutionGuid = {346CF7D7-6F40-4959-9B2B-8E4B519E593C}
	EndGlobalSection
EndGlobal
